
Microsoft Visual Studio Solution File, Format Version 12.00
# Visual Studio Version 17
VisualStudioVersion = 17.5.33516.290
MinimumVisualStudioVersion = 10.0.40219.1
Project("{9A19103F-16F7-4668-BE54-9A1E7A4F7556}") = "Endava.TechCourse.BankApp.Server", "Server\Endava.TechCourse.BankApp.Server.csproj", "{3F9AF5CF-1A4E-4492-8797-8AA90BF0D4DF}"
EndProject
Project("{9A19103F-16F7-4668-BE54-9A1E7A4F7556}") = "Endava.TechCourse.BankApp.Client", "Client\Endava.TechCourse.BankApp.Client.csproj", "{E950B998-CAA1-41C3-8CA5-1629C83CEA1A}"
	ProjectSection(ProjectDependencies) = postProject
		{8981074E-5200-4079-A51C-5AD30FDE4D8E} = {8981074E-5200-4079-A51C-5AD30FDE4D8E}
	EndProjectSection
EndProject
Project("{9A19103F-16F7-4668-BE54-9A1E7A4F7556}") = "Endava.TechCourse.BankApp.Shared", "Shared\Endava.TechCourse.BankApp.Shared.csproj", "{C6A2C4BD-A777-45F9-A29C-5A43A63EBC03}"
EndProject
Project("{9A19103F-16F7-4668-BE54-9A1E7A4F7556}") = "Endava.TechCourse.BankApp.Domain", "Endava.TechCourse.BankApp.Domain\Endava.TechCourse.BankApp.Domain.csproj", "{8981074E-5200-4079-A51C-5AD30FDE4D8E}"
EndProject
Project("{9A19103F-16F7-4668-BE54-9A1E7A4F7556}") = "Endava.TechCourse.BankApp.Infrastructure", "Endava.TechCourse.BankApp.Infrastructure\Endava.TechCourse.BankApp.Infrastructure.csproj", "{8E1FC7DB-5087-475C-9012-0EE189A0E363}"
EndProject
Global
	GlobalSection(SolutionConfigurationPlatforms) = preSolution
		Debug|Any CPU = Debug|Any CPU
		Release|Any CPU = Release|Any CPU
	EndGlobalSection
	GlobalSection(ProjectConfigurationPlatforms) = postSolution
		{3F9AF5CF-1A4E-4492-8797-8AA90BF0D4DF}.Debug|Any CPU.ActiveCfg = Debug|Any CPU
		{3F9AF5CF-1A4E-4492-8797-8AA90BF0D4DF}.Debug|Any CPU.Build.0 = Debug|Any CPU
		{3F9AF5CF-1A4E-4492-8797-8AA90BF0D4DF}.Release|Any CPU.ActiveCfg = Release|Any CPU
		{3F9AF5CF-1A4E-4492-8797-8AA90BF0D4DF}.Release|Any CPU.Build.0 = Release|Any CPU
		{E950B998-CAA1-41C3-8CA5-1629C83CEA1A}.Debug|Any CPU.ActiveCfg = Debug|Any CPU
		{E950B998-CAA1-41C3-8CA5-1629C83CEA1A}.Debug|Any CPU.Build.0 = Debug|Any CPU
		{E950B998-CAA1-41C3-8CA5-1629C83CEA1A}.Release|Any CPU.ActiveCfg = Release|Any CPU
		{E950B998-CAA1-41C3-8CA5-1629C83CEA1A}.Release|Any CPU.Build.0 = Release|Any CPU
		{C6A2C4BD-A777-45F9-A29C-5A43A63EBC03}.Debug|Any CPU.ActiveCfg = Debug|Any CPU
		{C6A2C4BD-A777-45F9-A29C-5A43A63EBC03}.Debug|Any CPU.Build.0 = Debug|Any CPU
		{C6A2C4BD-A777-45F9-A29C-5A43A63EBC03}.Release|Any CPU.ActiveCfg = Release|Any CPU
		{C6A2C4BD-A777-45F9-A29C-5A43A63EBC03}.Release|Any CPU.Build.0 = Release|Any CPU
		{8981074E-5200-4079-A51C-5AD30FDE4D8E}.Debug|Any CPU.ActiveCfg = Debug|Any CPU
		{8981074E-5200-4079-A51C-5AD30FDE4D8E}.Debug|Any CPU.Build.0 = Debug|Any CPU
		{8981074E-5200-4079-A51C-5AD30FDE4D8E}.Release|Any CPU.ActiveCfg = Release|Any CPU
		{8981074E-5200-4079-A51C-5AD30FDE4D8E}.Release|Any CPU.Build.0 = Release|Any CPU
		{8E1FC7DB-5087-475C-9012-0EE189A0E363}.Debug|Any CPU.ActiveCfg = Debug|Any CPU
		{8E1FC7DB-5087-475C-9012-0EE189A0E363}.Debug|Any CPU.Build.0 = Debug|Any CPU
		{8E1FC7DB-5087-475C-9012-0EE189A0E363}.Release|Any CPU.ActiveCfg = Release|Any CPU
		{8E1FC7DB-5087-475C-9012-0EE189A0E363}.Release|Any CPU.Build.0 = Release|Any CPU
	EndGlobalSection
	GlobalSection(SolutionProperties) = preSolution
		HideSolutionNode = FALSE
	EndGlobalSection
	GlobalSection(ExtensibilityGlobals) = postSolution
		SolutionGuid = {360AEF5A-2DE8-4260-A3A2-6FE9A4FA8453}
	EndGlobalSection
EndGlobal
